// !$*UTF8*$!
{
	archiveVersion = 1;
	classes = {
	};
	objectVersion = 46;
	objects = {

/* Begin PBXBuildFile section */
		75FE5F771D45F26C003C2DE8 /* main.m in Sources */ = {isa = PBXBuildFile; fileRef = 75FE5F761D45F26C003C2DE8 /* main.m */; };
		75FE5F7A1D45F26C003C2DE8 /* AppDelegate.m in Sources */ = {isa = PBXBuildFile; fileRef = 75FE5F791D45F26C003C2DE8 /* AppDelegate.m */; };
		75FE5F7D1D45F26C003C2DE8 /* ViewController.m in Sources */ = {isa = PBXBuildFile; fileRef = 75FE5F7C1D45F26C003C2DE8 /* ViewController.m */; };
		75FE5F801D45F26C003C2DE8 /* Main.storyboard in Resources */ = {isa = PBXBuildFile; fileRef = 75FE5F7E1D45F26C003C2DE8 /* Main.storyboard */; };
		75FE5F821D45F26C003C2DE8 /* Assets.xcassets in Resources */ = {isa = PBXBuildFile; fileRef = 75FE5F811D45F26C003C2DE8 /* Assets.xcassets */; };
		75FE5F851D45F26C003C2DE8 /* LaunchScreen.storyboard in Resources */ = {isa = PBXBuildFile; fileRef = 75FE5F831D45F26C003C2DE8 /* LaunchScreen.storyboard */; };
		75FE5F901D45F26C003C2DE8 /* sliderFixedSpanTests.m in Sources */ = {isa = PBXBuildFile; fileRef = 75FE5F8F1D45F26C003C2DE8 /* sliderFixedSpanTests.m */; };
		75FE5F9B1D45F26C003C2DE8 /* sliderFixedSpanUITests.m in Sources */ = {isa = PBXBuildFile; fileRef = 75FE5F9A1D45F26C003C2DE8 /* sliderFixedSpanUITests.m */; };
		75FE5FAA1D45F2B8003C2DE8 /* SPJSlider.m in Sources */ = {isa = PBXBuildFile; fileRef = 75FE5FA91D45F2B8003C2DE8 /* SPJSlider.m */; };
		75FE5FAD1D45F363003C2DE8 /* SPJColorHex.m in Sources */ = {isa = PBXBuildFile; fileRef = 75FE5FAC1D45F363003C2DE8 /* SPJColorHex.m */; };
/* End PBXBuildFile section */

/* Begin PBXContainerItemProxy section */
		75FE5F8C1D45F26C003C2DE8 /* PBXContainerItemProxy */ = {
			isa = PBXContainerItemProxy;
			containerPortal = 75FE5F6A1D45F26B003C2DE8 /* Project object */;
			proxyType = 1;
			remoteGlobalIDString = 75FE5F711D45F26B003C2DE8;
			remoteInfo = sliderFixedSpan;
		};
		75FE5F971D45F26C003C2DE8 /* PBXContainerItemProxy */ = {
			isa = PBXContainerItemProxy;
			containerPortal = 75FE5F6A1D45F26B003C2DE8 /* Project object */;
			proxyType = 1;
			remoteGlobalIDString = 75FE5F711D45F26B003C2DE8;
			remoteInfo = sliderFixedSpan;
		};
/* End PBXContainerItemProxy section */

/* Begin PBXFileReference section */
		75FE5F721D45F26C003C2DE8 /* sliderFixedSpan.app */ = {isa = PBXFileReference; explicitFileType = wrapper.application; includeInIndex = 0; path = sliderFixedSpan.app; sourceTree = BUILT_PRODUCTS_DIR; };
		75FE5F761D45F26C003C2DE8 /* main.m */ = {isa = PBXFileReference; lastKnownFileType = sourcecode.c.objc; path = main.m; sourceTree = "<group>"; };
		75FE5F781D45F26C003C2DE8 /* AppDelegate.h */ = {isa = PBXFileReference; lastKnownFileType = sourcecode.c.h; path = AppDelegate.h; sourceTree = "<group>"; };
		75FE5F791D45F26C003C2DE8 /* AppDelegate.m */ = {isa = PBXFileReference; lastKnownFileType = sourcecode.c.objc; path = AppDelegate.m; sourceTree = "<group>"; };
		75FE5F7B1D45F26C003C2DE8 /* ViewController.h */ = {isa = PBXFileReference; lastKnownFileType = sourcecode.c.h; path = ViewController.h; sourceTree = "<group>"; };
		75FE5F7C1D45F26C003C2DE8 /* ViewController.m */ = {isa = PBXFileReference; lastKnownFileType = sourcecode.c.objc; path = ViewController.m; sourceTree = "<group>"; };
		75FE5F7F1D45F26C003C2DE8 /* Base */ = {isa = PBXFileReference; lastKnownFileType = file.storyboard; name = Base; path = Base.lproj/Main.storyboard; sourceTree = "<group>"; };
		75FE5F811D45F26C003C2DE8 /* Assets.xcassets */ = {isa = PBXFileReference; lastKnownFileType = folder.assetcatalog; path = Assets.xcassets; sourceTree = "<group>"; };
		75FE5F841D45F26C003C2DE8 /* Base */ = {isa = PBXFileReference; lastKnownFileType = file.storyboard; name = Base; path = Base.lproj/LaunchScreen.storyboard; sourceTree = "<group>"; };
		75FE5F861D45F26C003C2DE8 /* Info.plist */ = {isa = PBXFileReference; lastKnownFileType = text.plist.xml; path = Info.plist; sourceTree = "<group>"; };
		75FE5F8B1D45F26C003C2DE8 /* sliderFixedSpanTests.xctest */ = {isa = PBXFileReference; explicitFileType = wrapper.cfbundle; includeInIndex = 0; path = sliderFixedSpanTests.xctest; sourceTree = BUILT_PRODUCTS_DIR; };
		75FE5F8F1D45F26C003C2DE8 /* sliderFixedSpanTests.m */ = {isa = PBXFileReference; lastKnownFileType = sourcecode.c.objc; path = sliderFixedSpanTests.m; sourceTree = "<group>"; };
		75FE5F911D45F26C003C2DE8 /* Info.plist */ = {isa = PBXFileReference; lastKnownFileType = text.plist.xml; path = Info.plist; sourceTree = "<group>"; };
		75FE5F961D45F26C003C2DE8 /* sliderFixedSpanUITests.xctest */ = {isa = PBXFileReference; explicitFileType = wrapper.cfbundle; includeInIndex = 0; path = sliderFixedSpanUITests.xctest; sourceTree = BUILT_PRODUCTS_DIR; };
		75FE5F9A1D45F26C003C2DE8 /* sliderFixedSpanUITests.m */ = {isa = PBXFileReference; lastKnownFileType = sourcecode.c.objc; path = sliderFixedSpanUITests.m; sourceTree = "<group>"; };
		75FE5F9C1D45F26C003C2DE8 /* Info.plist */ = {isa = PBXFileReference; lastKnownFileType = text.plist.xml; path = Info.plist; sourceTree = "<group>"; };
		75FE5FA81D45F2B8003C2DE8 /* SPJSlider.h */ = {isa = PBXFileReference; fileEncoding = 4; lastKnownFileType = sourcecode.c.h; path = SPJSlider.h; sourceTree = "<group>"; };
		75FE5FA91D45F2B8003C2DE8 /* SPJSlider.m */ = {isa = PBXFileReference; fileEncoding = 4; lastKnownFileType = sourcecode.c.objc; path = SPJSlider.m; sourceTree = "<group>"; };
		75FE5FAB1D45F363003C2DE8 /* SPJColorHex.h */ = {isa = PBXFileReference; fileEncoding = 4; lastKnownFileType = sourcecode.c.h; path = SPJColorHex.h; sourceTree = "<group>"; };
		75FE5FAC1D45F363003C2DE8 /* SPJColorHex.m */ = {isa = PBXFileReference; fileEncoding = 4; lastKnownFileType = sourcecode.c.objc; path = SPJColorHex.m; sourceTree = "<group>"; };
/* End PBXFileReference section */

/* Begin PBXFrameworksBuildPhase section */
		75FE5F6F1D45F26B003C2DE8 /* Frameworks */ = {
			isa = PBXFrameworksBuildPhase;
			buildActionMask = 2147483647;
			files = (
			);
			runOnlyForDeploymentPostprocessing = 0;
		};
		75FE5F881D45F26C003C2DE8 /* Frameworks */ = {
			isa = PBXFrameworksBuildPhase;
			buildActionMask = 2147483647;
			files = (
			);
			runOnlyForDeploymentPostprocessing = 0;
		};
		75FE5F931D45F26C003C2DE8 /* Frameworks */ = {
			isa = PBXFrameworksBuildPhase;
			buildActionMask = 2147483647;
			files = (
			);
			runOnlyForDeploymentPostprocessing = 0;
		};
/* End PBXFrameworksBuildPhase section */

/* Begin PBXGroup section */
		75FE5F691D45F26B003C2DE8 = {
			isa = PBXGroup;
			children = (
				75FE5F741D45F26C003C2DE8 /* sliderFixedSpan */,
				75FE5F8E1D45F26C003C2DE8 /* sliderFixedSpanTests */,
				75FE5F991D45F26C003C2DE8 /* sliderFixedSpanUITests */,
				75FE5F731D45F26C003C2DE8 /* Products */,
			);
			sourceTree = "<group>";
		};
		75FE5F731D45F26C003C2DE8 /* Products */ = {
			isa = PBXGroup;
			children = (
				75FE5F721D45F26C003C2DE8 /* sliderFixedSpan.app */,
				75FE5F8B1D45F26C003C2DE8 /* sliderFixedSpanTests.xctest */,
				75FE5F961D45F26C003C2DE8 /* sliderFixedSpanUITests.xctest */,
			);
			name = Products;
			sourceTree = "<group>";
		};
		75FE5F741D45F26C003C2DE8 /* sliderFixedSpan */ = {
			isa = PBXGroup;
			children = (
				75FE5F781D45F26C003C2DE8 /* AppDelegate.h */,
				75FE5F791D45F26C003C2DE8 /* AppDelegate.m */,
				75FE5F7B1D45F26C003C2DE8 /* ViewController.h */,
				75FE5F7C1D45F26C003C2DE8 /* ViewController.m */,
				75FE5FA81D45F2B8003C2DE8 /* SPJSlider.h */,
				75FE5FA91D45F2B8003C2DE8 /* SPJSlider.m */,
				75FE5FAB1D45F363003C2DE8 /* SPJColorHex.h */,
				75FE5FAC1D45F363003C2DE8 /* SPJColorHex.m */,
				75FE5F7E1D45F26C003C2DE8 /* Main.storyboard */,
				75FE5F811D45F26C003C2DE8 /* Assets.xcassets */,
				75FE5F831D45F26C003C2DE8 /* LaunchScreen.storyboard */,
				75FE5F861D45F26C003C2DE8 /* Info.plist */,
				75FE5F751D45F26C003C2DE8 /* Supporting Files */,
			);
			path = sliderFixedSpan;
			sourceTree = "<group>";
		};
		75FE5F751D45F26C003C2DE8 /* Supporting Files */ = {
			isa = PBXGroup;
			children = (
				75FE5F761D45F26C003C2DE8 /* main.m */,
			);
			name = "Supporting Files";
			sourceTree = "<group>";
		};
		75FE5F8E1D45F26C003C2DE8 /* sliderFixedSpanTests */ = {
			isa = PBXGroup;
			children = (
				75FE5F8F1D45F26C003C2DE8 /* sliderFixedSpanTests.m */,
				75FE5F911D45F26C003C2DE8 /* Info.plist */,
			);
			path = sliderFixedSpanTests;
			sourceTree = "<group>";
		};
		75FE5F991D45F26C003C2DE8 /* sliderFixedSpanUITests */ = {
			isa = PBXGroup;
			children = (
				75FE5F9A1D45F26C003C2DE8 /* sliderFixedSpanUITests.m */,
				75FE5F9C1D45F26C003C2DE8 /* Info.plist */,
			);
			path = sliderFixedSpanUITests;
			sourceTree = "<group>";
		};
/* End PBXGroup section */

/* Begin PBXNativeTarget section */
		75FE5F711D45F26B003C2DE8 /* sliderFixedSpan */ = {
			isa = PBXNativeTarget;
			buildConfigurationList = 75FE5F9F1D45F26C003C2DE8 /* Build configuration list for PBXNativeTarget "sliderFixedSpan" */;
			buildPhases = (
				75FE5F6E1D45F26B003C2DE8 /* Sources */,
				75FE5F6F1D45F26B003C2DE8 /* Frameworks */,
				75FE5F701D45F26B003C2DE8 /* Resources */,
			);
			buildRules = (
			);
			dependencies = (
			);
			name = sliderFixedSpan;
			productName = sliderFixedSpan;
			productReference = 75FE5F721D45F26C003C2DE8 /* sliderFixedSpan.app */;
			productType = "com.apple.product-type.application";
		};
		75FE5F8A1D45F26C003C2DE8 /* sliderFixedSpanTests */ = {
			isa = PBXNativeTarget;
			buildConfigurationList = 75FE5FA21D45F26C003C2DE8 /* Build configuration list for PBXNativeTarget "sliderFixedSpanTests" */;
			buildPhases = (
				75FE5F871D45F26C003C2DE8 /* Sources */,
				75FE5F881D45F26C003C2DE8 /* Frameworks */,
				75FE5F891D45F26C003C2DE8 /* Resources */,
			);
			buildRules = (
			);
			dependencies = (
				75FE5F8D1D45F26C003C2DE8 /* PBXTargetDependency */,
			);
			name = sliderFixedSpanTests;
			productName = sliderFixedSpanTests;
			productReference = 75FE5F8B1D45F26C003C2DE8 /* sliderFixedSpanTests.xctest */;
			productType = "com.apple.product-type.bundle.unit-test";
		};
		75FE5F951D45F26C003C2DE8 /* sliderFixedSpanUITests */ = {
			isa = PBXNativeTarget;
			buildConfigurationList = 75FE5FA51D45F26C003C2DE8 /* Build configuration list for PBXNativeTarget "sliderFixedSpanUITests" */;
			buildPhases = (
				75FE5F921D45F26C003C2DE8 /* Sources */,
				75FE5F931D45F26C003C2DE8 /* Frameworks */,
				75FE5F941D45F26C003C2DE8 /* Resources */,
			);
			buildRules = (
			);
			dependencies = (
				75FE5F981D45F26C003C2DE8 /* PBXTargetDependency */,
			);
			name = sliderFixedSpanUITests;
			productName = sliderFixedSpanUITests;
			productReference = 75FE5F961D45F26C003C2DE8 /* sliderFixedSpanUITests.xctest */;
			productType = "com.apple.product-type.bundle.ui-testing";
		};
/* End PBXNativeTarget section */

/* Begin PBXProject section */
		75FE5F6A1D45F26B003C2DE8 /* Project object */ = {
			isa = PBXProject;
			attributes = {
				LastUpgradeCheck = 0730;
				ORGANIZATIONNAME = spj;
				TargetAttributes = {
					75FE5F711D45F26B003C2DE8 = {
						CreatedOnToolsVersion = 7.3.1;
					};
					75FE5F8A1D45F26C003C2DE8 = {
						CreatedOnToolsVersion = 7.3.1;
						TestTargetID = 75FE5F711D45F26B003C2DE8;
					};
					75FE5F951D45F26C003C2DE8 = {
						CreatedOnToolsVersion = 7.3.1;
						TestTargetID = 75FE5F711D45F26B003C2DE8;
					};
				};
			};
			buildConfigurationList = 75FE5F6D1D45F26B003C2DE8 /* Build configuration list for PBXProject "sliderFixedSpan" */;
			compatibilityVersion = "Xcode 3.2";
			developmentRegion = English;
			hasScannedForEncodings = 0;
			knownRegions = (
				en,
				Base,
			);
			mainGroup = 75FE5F691D45F26B003C2DE8;
			productRefGroup = 75FE5F731D45F26C003C2DE8 /* Products */;
			projectDirPath = "";
			projectRoot = "";
			targets = (
				75FE5F711D45F26B003C2DE8 /* sliderFixedSpan */,
				75FE5F8A1D45F26C003C2DE8 /* sliderFixedSpanTests */,
				75FE5F951D45F26C003C2DE8 /* sliderFixedSpanUITests */,
			);
		};
/* End PBXProject section */

/* Begin PBXResourcesBuildPhase section */
		75FE5F701D45F26B003C2DE8 /* Resources */ = {
			isa = PBXResourcesBuildPhase;
			buildActionMask = 2147483647;
			files = (
				75FE5F851D45F26C003C2DE8 /* LaunchScreen.storyboard in Resources */,
				75FE5F821D45F26C003C2DE8 /* Assets.xcassets in Resources */,
				75FE5F801D45F26C003C2DE8 /* Main.storyboard in Resources */,
			);
			runOnlyForDeploymentPostprocessing = 0;
		};
		75FE5F891D45F26C003C2DE8 /* Resources */ = {
			isa = PBXResourcesBuildPhase;
			buildActionMask = 2147483647;
			files = (
			);
			runOnlyForDeploymentPostprocessing = 0;
		};
		75FE5F941D45F26C003C2DE8 /* Resources */ = {
			isa = PBXResourcesBuildPhase;
			buildActionMask = 2147483647;
			files = (
			);
			runOnlyForDeploymentPostprocessing = 0;
		};
/* End PBXResourcesBuildPhase section */

/* Begin PBXSourcesBuildPhase section */
		75FE5F6E1D45F26B003C2DE8 /* Sources */ = {
			isa = PBXSourcesBuildPhase;
			buildActionMask = 2147483647;
			files = (
				75FE5F7D1D45F26C003C2DE8 /* ViewController.m in Sources */,
				75FE5FAA1D45F2B8003C2DE8 /* SPJSlider.m in Sources */,
				75FE5F7A1D45F26C003C2DE8 /* AppDelegate.m in Sources */,
				75FE5FAD1D45F363003C2DE8 /* SPJColorHex.m in Sources */,
				75FE5F771D45F26C003C2DE8 /* main.m in Sources */,
			);
			runOnlyForDeploymentPostprocessing = 0;
		};
		75FE5F871D45F26C003C2DE8 /* Sources */ = {
			isa = PBXSourcesBuildPhase;
			buildActionMask = 2147483647;
			files = (
				75FE5F901D45F26C003C2DE8 /* sliderFixedSpanTests.m in Sources */,
			);
			runOnlyForDeploymentPostprocessing = 0;
		};
		75FE5F921D45F26C003C2DE8 /* Sources */ = {
			isa = PBXSourcesBuildPhase;
			buildActionMask = 2147483647;
			files = (
				75FE5F9B1D45F26C003C2DE8 /* sliderFixedSpanUITests.m in Sources */,
			);
			runOnlyForDeploymentPostprocessing = 0;
		};
/* End PBXSourcesBuildPhase section */

/* Begin PBXTargetDependency section */
		75FE5F8D1D45F26C003C2DE8 /* PBXTargetDependency */ = {
			isa = PBXTargetDependency;
			target = 75FE5F711D45F26B003C2DE8 /* sliderFixedSpan */;
			targetProxy = 75FE5F8C1D45F26C003C2DE8 /* PBXContainerItemProxy */;
		};
		75FE5F981D45F26C003C2DE8 /* PBXTargetDependency */ = {
			isa = PBXTargetDependency;
			target = 75FE5F711D45F26B003C2DE8 /* sliderFixedSpan */;
			targetProxy = 75FE5F971D45F26C003C2DE8 /* PBXContainerItemProxy */;
		};
/* End PBXTargetDependency section */

/* Begin PBXVariantGroup section */
		75FE5F7E1D45F26C003C2DE8 /* Main.storyboard */ = {
			isa = PBXVariantGroup;
			children = (
				75FE5F7F1D45F26C003C2DE8 /* Base */,
			);
			name = Main.storyboard;
			sourceTree = "<group>";
		};
		75FE5F831D45F26C003C2DE8 /* LaunchScreen.storyboard */ = {
			isa = PBXVariantGroup;
			children = (
				75FE5F841D45F26C003C2DE8 /* Base */,
			);
			name = LaunchScreen.storyboard;
			sourceTree = "<group>";
		};
/* End PBXVariantGroup section */

/* Begin XCBuildConfiguration section */
		75FE5F9D1D45F26C003C2DE8 /* Debug */ = {
			isa = XCBuildConfiguration;
			buildSettings = {
				ALWAYS_SEARCH_USER_PATHS = NO;
				CLANG_ANALYZER_NONNULL = YES;
				CLANG_CXX_LANGUAGE_STANDARD = "gnu++0x";
				CLANG_CXX_LIBRARY = "libc++";
				CLANG_ENABLE_MODULES = YES;
				CLANG_ENABLE_OBJC_ARC = YES;
				CLANG_WARN_BOOL_CONVERSION = YES;
				CLANG_WARN_CONSTANT_CONVERSION = YES;
				CLANG_WARN_DIRECT_OBJC_ISA_USAGE = YES_ERROR;
				CLANG_WARN_EMPTY_BODY = YES;
				CLANG_WARN_ENUM_CONVERSION = YES;
				CLANG_WARN_INT_CONVERSION = YES;
				CLANG_WARN_OBJC_ROOT_CLASS = YES_ERROR;
				CLANG_WARN_UNREACHABLE_CODE = YES;
				CLANG_WARN__DUPLICATE_METHOD_MATCH = YES;
				"CODE_SIGN_IDENTITY[sdk=iphoneos*]" = "iPhone Developer";
				COPY_PHASE_STRIP = NO;
				DEBUG_INFORMATION_FORMAT = dwarf;
				ENABLE_STRICT_OBJC_MSGSEND = YES;
				ENABLE_TESTABILITY = YES;
				GCC_C_LANGUAGE_STANDARD = gnu99;
				GCC_DYNAMIC_NO_PIC = NO;
				GCC_NO_COMMON_BLOCKS = YES;
				GCC_OPTIMIZATION_LEVEL = 0;
				GCC_PREPROCESSOR_DEFINITIONS = (
					"DEBUG=1",
					"$(inherited)",
				);
				GCC_WARN_64_TO_32_BIT_CONVERSION = YES;
				GCC_WARN_ABOUT_RETURN_TYPE = YES_ERROR;
				GCC_WARN_UNDECLARED_SELECTOR = YES;
				GCC_WARN_UNINITIALIZED_AUTOS = YES_AGGRESSIVE;
				GCC_WARN_UNUSED_FUNCTION = YES;
				GCC_WARN_UNUSED_VARIABLE = YES;
				IPHONEOS_DEPLOYMENT_TARGET = 9.3;
				MTL_ENABLE_DEBUG_INFO = YES;
				ONLY_ACTIVE_ARCH = YES;
				SDKROOT = iphoneos;
				TARGETED_DEVICE_FAMILY = "1,2";
			};
			name = Debug;
		};
		75FE5F9E1D45F26C003C2DE8 /* Release */ = {
			isa = XCBuildConfiguration;
			buildSettings = {
				ALWAYS_SEARCH_USER_PATHS = NO;
				CLANG_ANALYZER_NONNULL = YES;
				CLANG_CXX_LANGUAGE_STANDARD = "gnu++0x";
				CLANG_CXX_LIBRARY = "libc++";
				CLANG_ENABLE_MODULES = YES;
				CLANG_ENABLE_OBJC_ARC = YES;
				CLANG_WARN_BOOL_CONVERSION = YES;
				CLANG_WARN_CONSTANT_CONVERSION = YES;
				CLANG_WARN_DIRECT_OBJC_ISA_USAGE = YES_ERROR;
				CLANG_WARN_EMPTY_BODY = YES;
				CLANG_WARN_ENUM_CONVERSION = YES;
				CLANG_WARN_INT_CONVERSION = YES;
				CLANG_WARN_OBJC_ROOT_CLASS = YES_ERROR;
				CLANG_WARN_UNREACHABLE_CODE = YES;
				CLANG_WARN__DUPLICATE_METHOD_MATCH = YES;
				"CODE_SIGN_IDENTITY[sdk=iphoneos*]" = "iPhone Developer";
				COPY_PHASE_STRIP = NO;
				DEBUG_INFORMATION_FORMAT = "dwarf-with-dsym";
				ENABLE_NS_ASSERTIONS = NO;
				ENABLE_STRICT_OBJC_MSGSEND = YES;
				GCC_C_LANGUAGE_STANDARD = gnu99;
				GCC_NO_COMMON_BLOCKS = YES;
				GCC_WARN_64_TO_32_BIT_CONVERSION = YES;
				GCC_WARN_ABOUT_RETURN_TYPE = YES_ERROR;
				GCC_WARN_UNDECLARED_SELECTOR = YES;
				GCC_WARN_UNINITIALIZED_AUTOS = YES_AGGRESSIVE;
				GCC_WARN_UNUSED_FUNCTION = YES;
				GCC_WARN_UNUSED_VARIABLE = YES;
				IPHONEOS_DEPLOYMENT_TARGET = 9.3;
				MTL_ENABLE_DEBUG_INFO = NO;
				SDKROOT = iphoneos;
				TARGETED_DEVICE_FAMILY = "1,2";
				VALIDATE_PRODUCT = YES;
			};
			name = Release;
		};
		75FE5FA01D45F26C003C2DE8 /* Debug */ = {
			isa = XCBuildConfiguration;
			buildSettings = {
				ASSETCATALOG_COMPILER_APPICON_NAME = AppIcon;
				INFOPLIST_FILE = sliderFixedSpan/Info.plist;
				IPHONEOS_DEPLOYMENT_TARGET = 8.0;
				LD_RUNPATH_SEARCH_PATHS = "$(inherited) @executable_path/Frameworks";
				PRODUCT_BUNDLE_IDENTIFIER = spj.sliderFixedSpan;
				PRODUCT_NAME = "$(TARGET_NAME)";
			};
			name = Debug;
		};
		75FE5FA11D45F26C003C2DE8 /* Release */ = {
			isa = XCBuildConfiguration;
			buildSettings = {
				ASSETCATALOG_COMPILER_APPICON_NAME = AppIcon;
				INFOPLIST_FILE = sliderFixedSpan/Info.plist;
				IPHONEOS_DEPLOYMENT_TARGET = 8.0;
				LD_RUNPATH_SEARCH_PATHS = "$(inherited) @executable_path/Frameworks";
				PRODUCT_BUNDLE_IDENTIFIER = spj.sliderFixedSpan;
				PRODUCT_NAME = "$(TARGET_NAME)";
			};
			name = Release;
		};
		75FE5FA31D45F26C003C2DE8 /* Debug */ = {
			isa = XCBuildConfiguration;
			buildSettings = {
				BUNDLE_LOADER = "$(TEST_HOST)";
				INFOPLIST_FILE = sliderFixedSpanTests/Info.plist;
				LD_RUNPATH_SEARCH_PATHS = "$(inherited) @executable_path/Frameworks @loader_path/Frameworks";
				PRODUCT_BUNDLE_IDENTIFIER = spj.sliderFixedSpanTests;
				PRODUCT_NAME = "$(TARGET_NAME)";
				TEST_HOST = "$(BUILT_PRODUCTS_DIR)/sliderFixedSpan.app/sliderFixedSpan";
			};
			name = Debug;
		};
		75FE5FA41D45F26C003C2DE8 /* Release */ = {
			isa = XCBuildConfiguration;
			buildSettings = {
				BUNDLE_LOADER = "$(TEST_HOST)";
				INFOPLIST_FILE = sliderFixedSpanTests/Info.plist;
				LD_RUNPATH_SEARCH_PATHS = "$(inherited) @executable_path/Frameworks @loader_path/Frameworks";
				PRODUCT_BUNDLE_IDENTIFIER = spj.sliderFixedSpanTests;
				PRODUCT_NAME = "$(TARGET_NAME)";
				TEST_HOST = "$(BUILT_PRODUCTS_DIR)/sliderFixedSpan.app/sliderFixedSpan";
			};
			name = Release;
		};
		75FE5FA61D45F26C003C2DE8 /* Debug */ = {
			isa = XCBuildConfiguration;
			buildSettings = {
				INFOPLIST_FILE = sliderFixedSpanUITests/Info.plist;
				LD_RUNPATH_SEARCH_PATHS = "$(inherited) @executable_path/Frameworks @loader_path/Frameworks";
				PRODUCT_BUNDLE_IDENTIFIER = spj.sliderFixedSpanUITests;
				PRODUCT_NAME = "$(TARGET_NAME)";
				TEST_TARGET_NAME = sliderFixedSpan;
			};
			name = Debug;
		};
		75FE5FA71D45F26C003C2DE8 /* Release */ = {
			isa = XCBuildConfiguration;
			buildSettings = {
				INFOPLIST_FILE = sliderFixedSpanUITests/Info.plist;
				LD_RUNPATH_SEARCH_PATHS = "$(inherited) @executable_path/Frameworks @loader_path/Frameworks";
				PRODUCT_BUNDLE_IDENTIFIER = spj.sliderFixedSpanUITests;
				PRODUCT_NAME = "$(TARGET_NAME)";
				TEST_TARGET_NAME = sliderFixedSpan;
			};
			name = Release;
		};
/* End XCBuildConfiguration section */

/* Begin XCConfigurationList section */
		75FE5F6D1D45F26B003C2DE8 /* Build configuration list for PBXProject "sliderFixedSpan" */ = {
			isa = XCConfigurationList;
			buildConfigurations = (
				75FE5F9D1D45F26C003C2DE8 /* Debug */,
				75FE5F9E1D45F26C003C2DE8 /* Release */,
			);
			defaultConfigurationIsVisible = 0;
			defaultConfigurationName = Release;
		};
		75FE5F9F1D45F26C003C2DE8 /* Build configuration list for PBXNativeTarget "sliderFixedSpan" */ = {
			isa = XCConfigurationList;
			buildConfigurations = (
				75FE5FA01D45F26C003C2DE8 /* Debug */,
				75FE5FA11D45F26C003C2DE8 /* Release */,
			);
			defaultConfigurationIsVisible = 0;
		};
		75FE5FA21D45F26C003C2DE8 /* Build configuration list for PBXNativeTarget "sliderFixedSpanTests" */ = {
			isa = XCConfigurationList;
			buildConfigurations = (
				75FE5FA31D45F26C003C2DE8 /* Debug */,
				75FE5FA41D45F26C003C2DE8 /* Release */,
			);
			defaultConfigurationIsVisible = 0;
		};
		75FE5FA51D45F26C003C2DE8 /* Build configuration list for PBXNativeTarget "sliderFixedSpanUITests" */ = {
			isa = XCConfigurationList;
			buildConfigurations = (
				75FE5FA61D45F26C003C2DE8 /* Debug */,
				75FE5FA71D45F26C003C2DE8 /* Release */,
			);
			defaultConfigurationIsVisible = 0;
		};
/* End XCConfigurationList section */
	};
	rootObject = 75FE5F6A1D45F26B003C2DE8 /* Project object */;
}
